
Microsoft Visual Studio Solution File, Format Version 12.00
# Visual Studio 15
VisualStudioVersion = 15.0.28307.645
MinimumVisualStudioVersion = 10.0.40219.1
Project("{8BC9CEB8-8B4A-11D0-8D11-00A0C91BC942}") = "C++Project", "C++Project\C++Project.vcxproj", "{ED9EBAE9-5700-4FCE-8290-D8F3619E33A2}"
EndProject
Global
	GlobalSection(SolutionConfigurationPlatforms) = preSolution
		Debug|x64 = Debug|x64
		Debug|x86 = Debug|x86
		Release|x64 = Release|x64
		Release|x86 = Release|x86
	EndGlobalSection
	GlobalSection(ProjectConfigurationPlatforms) = postSolution
		{ED9EBAE9-5700-4FCE-8290-D8F3619E33A2}.Debug|x64.ActiveCfg = Debug|x64
		{ED9EBAE9-5700-4FCE-8290-D8F3619E33A2}.Debug|x64.Build.0 = Debug|x64
		{ED9EBAE9-5700-4FCE-8290-D8F3619E33A2}.Debug|x86.ActiveCfg = Debug|Win32
		{ED9EBAE9-5700-4FCE-8290-D8F3619E33A2}.Debug|x86.Build.0 = Debug|Win32
		{ED9EBAE9-5700-4FCE-8290-D8F3619E33A2}.Release|x64.ActiveCfg = Release|x64
		{ED9EBAE9-5700-4FCE-8290-D8F3619E33A2}.Release|x64.Build.0 = Release|x64
		{ED9EBAE9-5700-4FCE-8290-D8F3619E33A2}.Release|x86.ActiveCfg = Release|Win32
		{ED9EBAE9-5700-4FCE-8290-D8F3619E33A2}.Release|x86.Build.0 = Release|Win32
	EndGlobalSection
	GlobalSection(SolutionProperties) = preSolution
		HideSolutionNode = FALSE
	EndGlobalSection
	GlobalSection(ExtensibilityGlobals) = postSolution
		SolutionGuid = {B571977F-88CD-41CD-BF96-417DD3304BE8}
	EndGlobalSection
EndGlobal
