
Microsoft Visual Studio Solution File, Format Version 12.00
# Visual Studio 15
VisualStudioVersion = 15.0.28307.645
MinimumVisualStudioVersion = 10.0.40219.1
Project("{8BC9CEB8-8B4A-11D0-8D11-00A0C91BC942}") = "2019.06.21(Queue)", "2019.06.21(Queue)\2019.06.21(Queue).vcxproj", "{B2F0F007-3FB6-4E80-8DDE-703F549C008D}"
EndProject
Global
	GlobalSection(SolutionConfigurationPlatforms) = preSolution
		Debug|x64 = Debug|x64
		Debug|x86 = Debug|x86
		Release|x64 = Release|x64
		Release|x86 = Release|x86
	EndGlobalSection
	GlobalSection(ProjectConfigurationPlatforms) = postSolution
		{B2F0F007-3FB6-4E80-8DDE-703F549C008D}.Debug|x64.ActiveCfg = Debug|x64
		{B2F0F007-3FB6-4E80-8DDE-703F549C008D}.Debug|x64.Build.0 = Debug|x64
		{B2F0F007-3FB6-4E80-8DDE-703F549C008D}.Debug|x86.ActiveCfg = Debug|Win32
		{B2F0F007-3FB6-4E80-8DDE-703F549C008D}.Debug|x86.Build.0 = Debug|Win32
		{B2F0F007-3FB6-4E80-8DDE-703F549C008D}.Release|x64.ActiveCfg = Release|x64
		{B2F0F007-3FB6-4E80-8DDE-703F549C008D}.Release|x64.Build.0 = Release|x64
		{B2F0F007-3FB6-4E80-8DDE-703F549C008D}.Release|x86.ActiveCfg = Release|Win32
		{B2F0F007-3FB6-4E80-8DDE-703F549C008D}.Release|x86.Build.0 = Release|Win32
	EndGlobalSection
	GlobalSection(SolutionProperties) = preSolution
		HideSolutionNode = FALSE
	EndGlobalSection
	GlobalSection(ExtensibilityGlobals) = postSolution
		SolutionGuid = {FE05F4FC-5A8F-4B4D-8D37-1D33D86B71A2}
	EndGlobalSection
EndGlobal
