<?xml version="1.0" encoding="utf-8"?>
<Project ToolsVersion="4.0" xmlns="http://schemas.microsoft.com/developer/msbuild/2003">
  <ItemGroup>
    <Filter Include="Source">
      <UniqueIdentifier>{d0d5ee9e-95e3-441c-bc75-a5a8ec5bb88d}</UniqueIdentifier>
    </Filter>
    <Filter Include="Header">
      <UniqueIdentifier>{cea1028d-ce44-4d0c-83d5-886546f2ac7a}</UniqueIdentifier>
    </Filter>
  </ItemGroup>
  <ItemGroup>
    <ClCompile Include="Actor.cpp">
      <Filter>Source</Filter>
    </ClCompile>
    <ClCompile Include="Character.cpp">
      <Filter>Source</Filter>
    </ClCompile>
    <ClCompile Include="Engine.cpp">
      <Filter>Source</Filter>
    </ClCompile>
    <ClCompile Include="main.cpp">
      <Filter>Source</Filter>
    </ClCompile>
    <ClCompile Include="Map.cpp">
      <Filter>Source</Filter>
    </ClCompile>
    <ClCompile Include="Monster.cpp">
      <Filter>Source</Filter>
    </ClCompile>
    <ClCompile Include="MyEngine.cpp">
      <Filter>Source</Filter>
    </ClCompile>
    <ClCompile Include="Player.cpp">
      <Filter>Source</Filter>
    </ClCompile>
    <ClCompile Include="Util.cpp">
      <Filter>Source</Filter>
    </ClCompile>
    <ClCompile Include="Vector.cpp">
      <Filter>Source</Filter>
    </ClCompile>
  </ItemGroup>
  <ItemGroup>
    <ClInclude Include="Actor.h">
      <Filter>Header</Filter>
    </ClInclude>
    <ClInclude Include="Character.h">
      <Filter>Header</Filter>
    </ClInclude>
    <ClInclude Include="Engine.h">
      <Filter>Header</Filter>
    </ClInclude>
    <ClInclude Include="Map.h">
      <Filter>Header</Filter>
    </ClInclude>
    <ClInclude Include="Monster.h">
      <Filter>Header</Filter>
    </ClInclude>
    <ClInclude Include="MyEngine.h">
      <Filter>Header</Filter>
    </ClInclude>
    <ClInclude Include="Player.h">
      <Filter>Header</Filter>
    </ClInclude>
    <ClInclude Include="Util.h">
      <Filter>Header</Filter>
    </ClInclude>
    <ClInclude Include="Vector.h">
      <Filter>Header</Filter>
    </ClInclude>
  </ItemGroup>
</Project>