
Microsoft Visual Studio Solution File, Format Version 12.00
# Visual Studio 15
VisualStudioVersion = 15.0.28307.645
MinimumVisualStudioVersion = 10.0.40219.1
Project("{8BC9CEB8-8B4A-11D0-8D11-00A0C91BC942}") = "STL스택이용하기", "STL스택이용하기\STL스택이용하기.vcxproj", "{A849E1AE-9965-46F6-B186-014A3DAD83BA}"
EndProject
Global
	GlobalSection(SolutionConfigurationPlatforms) = preSolution
		Debug|x64 = Debug|x64
		Debug|x86 = Debug|x86
		Release|x64 = Release|x64
		Release|x86 = Release|x86
	EndGlobalSection
	GlobalSection(ProjectConfigurationPlatforms) = postSolution
		{A849E1AE-9965-46F6-B186-014A3DAD83BA}.Debug|x64.ActiveCfg = Debug|x64
		{A849E1AE-9965-46F6-B186-014A3DAD83BA}.Debug|x64.Build.0 = Debug|x64
		{A849E1AE-9965-46F6-B186-014A3DAD83BA}.Debug|x86.ActiveCfg = Debug|Win32
		{A849E1AE-9965-46F6-B186-014A3DAD83BA}.Debug|x86.Build.0 = Debug|Win32
		{A849E1AE-9965-46F6-B186-014A3DAD83BA}.Release|x64.ActiveCfg = Release|x64
		{A849E1AE-9965-46F6-B186-014A3DAD83BA}.Release|x64.Build.0 = Release|x64
		{A849E1AE-9965-46F6-B186-014A3DAD83BA}.Release|x86.ActiveCfg = Release|Win32
		{A849E1AE-9965-46F6-B186-014A3DAD83BA}.Release|x86.Build.0 = Release|Win32
	EndGlobalSection
	GlobalSection(SolutionProperties) = preSolution
		HideSolutionNode = FALSE
	EndGlobalSection
	GlobalSection(ExtensibilityGlobals) = postSolution
		SolutionGuid = {70AD495A-122B-43CD-A4F8-1E7228B840A7}
	EndGlobalSection
EndGlobal
