<?xml version="1.0" encoding="utf-8"?>
<Project ToolsVersion="4.0" xmlns="http://schemas.microsoft.com/developer/msbuild/2003">
  <ItemGroup>
    <Filter Include="리소스 파일">
      <UniqueIdentifier>{67DA6AB6-F800-4c08-8B7A-83BB121AAD01}</UniqueIdentifier>
      <Extensions>rc;ico;cur;bmp;dlg;rc2;rct;bin;rgs;gif;jpg;jpeg;jpe;resx;tiff;tif;png;wav;mfcribbon-ms</Extensions>
    </Filter>
    <Filter Include="HLSL">
      <UniqueIdentifier>{c279346e-dcc1-4aa9-928c-d5f3e8ca82d8}</UniqueIdentifier>
    </Filter>
    <Filter Include="Engine">
      <UniqueIdentifier>{666e3cb1-9d19-44de-892d-22ee924b1bb7}</UniqueIdentifier>
    </Filter>
    <Filter Include="Engine\헤더 파일">
      <UniqueIdentifier>{93995380-89BD-4b04-88EB-625FBE52EBFB}</UniqueIdentifier>
      <Extensions>h;hh;hpp;hxx;hm;inl;inc;ipp;xsd</Extensions>
    </Filter>
    <Filter Include="Engine\소스 파일">
      <UniqueIdentifier>{4FC737F1-C7A5-4376-A066-2A32D752A2FF}</UniqueIdentifier>
      <Extensions>cpp;c;cc;cxx;def;odl;idl;hpj;bat;asm;asmx</Extensions>
    </Filter>
    <Filter Include="Libary">
      <UniqueIdentifier>{d9108cea-5efd-4803-a7e2-f6a849f1bf0f}</UniqueIdentifier>
    </Filter>
  </ItemGroup>
  <ItemGroup>
    <FxCompile Include="Shader\PS.fx">
      <Filter>HLSL</Filter>
    </FxCompile>
    <FxCompile Include="Shader\VS.fx">
      <Filter>HLSL</Filter>
    </FxCompile>
  </ItemGroup>
  <ItemGroup>
    <ClInclude Include="Libary\DirectXTex.h">
      <Filter>Libary</Filter>
    </ClInclude>
    <ClInclude Include="VertexShader.h">
      <Filter>Engine\헤더 파일</Filter>
    </ClInclude>
    <ClInclude Include="texture.h">
      <Filter>Engine\헤더 파일</Filter>
    </ClInclude>
    <ClInclude Include="Shader.h">
      <Filter>Engine\헤더 파일</Filter>
    </ClInclude>
    <ClInclude Include="PixelShader.h">
      <Filter>Engine\헤더 파일</Filter>
    </ClInclude>
    <ClInclude Include="Mesh.h">
      <Filter>Engine\헤더 파일</Filter>
    </ClInclude>
    <ClInclude Include="Main.h">
      <Filter>Engine\헤더 파일</Filter>
    </ClInclude>
    <ClInclude Include="Engine.h">
      <Filter>Engine\헤더 파일</Filter>
    </ClInclude>
    <ClInclude Include="DXUtility.h">
      <Filter>Engine\헤더 파일</Filter>
    </ClInclude>
    <ClInclude Include="DXApp.h">
      <Filter>Engine\헤더 파일</Filter>
    </ClInclude>
    <ClInclude Include="AppWindow.h">
      <Filter>Engine\헤더 파일</Filter>
    </ClInclude>
    <ClInclude Include="FBXLoader.h">
      <Filter>Libary</Filter>
    </ClInclude>
    <ClInclude Include="Vertex.h">
      <Filter>Engine\헤더 파일</Filter>
    </ClInclude>
  </ItemGroup>
  <ItemGroup>
    <ClCompile Include="AppWindow.cpp">
      <Filter>Engine\소스 파일</Filter>
    </ClCompile>
    <ClCompile Include="DXApp.cpp">
      <Filter>Engine\소스 파일</Filter>
    </ClCompile>
    <ClCompile Include="DXUtility.cpp">
      <Filter>Engine\소스 파일</Filter>
    </ClCompile>
    <ClCompile Include="Engine.cpp">
      <Filter>Engine\소스 파일</Filter>
    </ClCompile>
    <ClCompile Include="main.cpp">
      <Filter>Engine\소스 파일</Filter>
    </ClCompile>
    <ClCompile Include="Mesh.cpp">
      <Filter>Engine\소스 파일</Filter>
    </ClCompile>
    <ClCompile Include="PixelShader.cpp">
      <Filter>Engine\소스 파일</Filter>
    </ClCompile>
    <ClCompile Include="Shader.cpp">
      <Filter>Engine\소스 파일</Filter>
    </ClCompile>
    <ClCompile Include="Texture.cpp">
      <Filter>Engine\소스 파일</Filter>
    </ClCompile>
    <ClCompile Include="VertexShader.cpp">
      <Filter>Engine\소스 파일</Filter>
    </ClCompile>
    <ClCompile Include="FBXLoader.cpp">
      <Filter>Libary</Filter>
    </ClCompile>
    <ClCompile Include="Vertex.cpp">
      <Filter>Engine\소스 파일</Filter>
    </ClCompile>
  </ItemGroup>
</Project>